// !$*UTF8*$!
{
	archiveVersion = 1;
	classes = {
	};
	objectVersion = 46;
	objects = {

/* Begin PBXBuildFile section */
		9F7ABBFE1DF1588F00671FB1 /* TableViewCell.swift in Sources */ = {isa = PBXBuildFile; fileRef = 9F7ABBFD1DF1588F00671FB1 /* TableViewCell.swift */; };
		9F93FAF01DE97526004FDDC0 /* AppDelegate.swift in Sources */ = {isa = PBXBuildFile; fileRef = 9F93FAEF1DE97526004FDDC0 /* AppDelegate.swift */; };
		9F93FAF21DE97526004FDDC0 /* ViewController.swift in Sources */ = {isa = PBXBuildFile; fileRef = 9F93FAF11DE97526004FDDC0 /* ViewController.swift */; };
		9F93FAF51DE97526004FDDC0 /* Main.storyboard in Resources */ = {isa = PBXBuildFile; fileRef = 9F93FAF31DE97526004FDDC0 /* Main.storyboard */; };
		9F93FAF71DE97526004FDDC0 /* Assets.xcassets in Resources */ = {isa = PBXBuildFile; fileRef = 9F93FAF61DE97526004FDDC0 /* Assets.xcassets */; };
		9F93FAFA1DE97526004FDDC0 /* LaunchScreen.storyboard in Resources */ = {isa = PBXBuildFile; fileRef = 9F93FAF81DE97526004FDDC0 /* LaunchScreen.storyboard */; };
/* End PBXBuildFile section */

/* Begin PBXFileReference section */
		9F7ABBFD1DF1588F00671FB1 /* TableViewCell.swift */ = {isa = PBXFileReference; fileEncoding = 4; lastKnownFileType = sourcecode.swift; name = TableViewCell.swift; path = ../TableViewCell.swift; sourceTree = "<group>"; };
		9F93FAEC1DE97525004FDDC0 /* Timer.app */ = {isa = PBXFileReference; explicitFileType = wrapper.application; includeInIndex = 0; path = Timer.app; sourceTree = BUILT_PRODUCTS_DIR; };
		9F93FAEF1DE97526004FDDC0 /* AppDelegate.swift */ = {isa = PBXFileReference; lastKnownFileType = sourcecode.swift; path = AppDelegate.swift; sourceTree = "<group>"; };
		9F93FAF11DE97526004FDDC0 /* ViewController.swift */ = {isa = PBXFileReference; lastKnownFileType = sourcecode.swift; path = ViewController.swift; sourceTree = "<group>"; };
		9F93FAF41DE97526004FDDC0 /* Base */ = {isa = PBXFileReference; lastKnownFileType = file.storyboard; name = Base; path = Base.lproj/Main.storyboard; sourceTree = "<group>"; };
		9F93FAF61DE97526004FDDC0 /* Assets.xcassets */ = {isa = PBXFileReference; lastKnownFileType = folder.assetcatalog; path = Assets.xcassets; sourceTree = "<group>"; };
		9F93FAF91DE97526004FDDC0 /* Base */ = {isa = PBXFileReference; lastKnownFileType = file.storyboard; name = Base; path = Base.lproj/LaunchScreen.storyboard; sourceTree = "<group>"; };
		9F93FAFB1DE97526004FDDC0 /* Info.plist */ = {isa = PBXFileReference; lastKnownFileType = text.plist.xml; path = Info.plist; sourceTree = "<group>"; };
/* End PBXFileReference section */

/* Begin PBXFrameworksBuildPhase section */
		9F93FAE91DE97525004FDDC0 /* Frameworks */ = {
			isa = PBXFrameworksBuildPhase;
			buildActionMask = 2147483647;
			files = (
			);
			runOnlyForDeploymentPostprocessing = 0;
		};
/* End PBXFrameworksBuildPhase section */

/* Begin PBXGroup section */
		9F93FAE31DE97525004FDDC0 = {
			isa = PBXGroup;
			children = (
				9F93FAEE1DE97525004FDDC0 /* Timer */,
				9F93FAED1DE97525004FDDC0 /* Products */,
			);
			sourceTree = "<group>";
		};
		9F93FAED1DE97525004FDDC0 /* Products */ = {
			isa = PBXGroup;
			children = (
				9F93FAEC1DE97525004FDDC0 /* Timer.app */,
			);
			name = Products;
			sourceTree = "<group>";
		};
		9F93FAEE1DE97525004FDDC0 /* Timer */ = {
			isa = PBXGroup;
			children = (
				9F93FAEF1DE97526004FDDC0 /* AppDelegate.swift */,
				9F93FAF11DE97526004FDDC0 /* ViewController.swift */,
				9F93FAF31DE97526004FDDC0 /* Main.storyboard */,
				9F7ABBFD1DF1588F00671FB1 /* TableViewCell.swift */,
				9F93FAF61DE97526004FDDC0 /* Assets.xcassets */,
				9F93FAF81DE97526004FDDC0 /* LaunchScreen.storyboard */,
				9F93FAFB1DE97526004FDDC0 /* Info.plist */,
			);
			path = Timer;
			sourceTree = "<group>";
		};
/* End PBXGroup section */

/* Begin PBXNativeTarget section */
		9F93FAEB1DE97525004FDDC0 /* Timer */ = {
			isa = PBXNativeTarget;
			buildConfigurationList = 9F93FAFE1DE97526004FDDC0 /* Build configuration list for PBXNativeTarget "Timer" */;
			buildPhases = (
				9F93FAE81DE97525004FDDC0 /* Sources */,
				9F93FAE91DE97525004FDDC0 /* Frameworks */,
				9F93FAEA1DE97525004FDDC0 /* Resources */,
			);
			buildRules = (
			);
			dependencies = (
			);
			name = Timer;
			productName = Timer;
			productReference = 9F93FAEC1DE97525004FDDC0 /* Timer.app */;
			productType = "com.apple.product-type.application";
		};
/* End PBXNativeTarget section */

/* Begin PBXProject section */
		9F93FAE41DE97525004FDDC0 /* Project object */ = {
			isa = PBXProject;
			attributes = {
				LastSwiftUpdateCheck = 0730;
				LastUpgradeCheck = 0730;
				ORGANIZATIONNAME = Kiran;
				TargetAttributes = {
					9F93FAEB1DE97525004FDDC0 = {
						CreatedOnToolsVersion = 7.3.1;
						DevelopmentTeam = WAS6TN49RL;
					};
				};
			};
			buildConfigurationList = 9F93FAE71DE97525004FDDC0 /* Build configuration list for PBXProject "Timer" */;
			compatibilityVersion = "Xcode 3.2";
			developmentRegion = English;
			hasScannedForEncodings = 0;
			knownRegions = (
				en,
				Base,
			);
			mainGroup = 9F93FAE31DE97525004FDDC0;
			productRefGroup = 9F93FAED1DE97525004FDDC0 /* Products */;
			projectDirPath = "";
			projectRoot = "";
			targets = (
				9F93FAEB1DE97525004FDDC0 /* Timer */,
			);
		};
/* End PBXProject section */

/* Begin PBXResourcesBuildPhase section */
		9F93FAEA1DE97525004FDDC0 /* Resources */ = {
			isa = PBXResourcesBuildPhase;
			buildActionMask = 2147483647;
			files = (
				9F93FAFA1DE97526004FDDC0 /* LaunchScreen.storyboard in Resources */,
				9F93FAF71DE97526004FDDC0 /* Assets.xcassets in Resources */,
				9F93FAF51DE97526004FDDC0 /* Main.storyboard in Resources */,
			);
			runOnlyForDeploymentPostprocessing = 0;
		};
/* End PBXResourcesBuildPhase section */

/* Begin PBXSourcesBuildPhase section */
		9F93FAE81DE97525004FDDC0 /* Sources */ = {
			isa = PBXSourcesBuildPhase;
			buildActionMask = 2147483647;
			files = (
				9F7ABBFE1DF1588F00671FB1 /* TableViewCell.swift in Sources */,
				9F93FAF21DE97526004FDDC0 /* ViewController.swift in Sources */,
				9F93FAF01DE97526004FDDC0 /* AppDelegate.swift in Sources */,
			);
			runOnlyForDeploymentPostprocessing = 0;
		};
/* End PBXSourcesBuildPhase section */

/* Begin PBXVariantGroup section */
		9F93FAF31DE97526004FDDC0 /* Main.storyboard */ = {
			isa = PBXVariantGroup;
			children = (
				9F93FAF41DE97526004FDDC0 /* Base */,
			);
			name = Main.storyboard;
			sourceTree = "<group>";
		};
		9F93FAF81DE97526004FDDC0 /* LaunchScreen.storyboard */ = {
			isa = PBXVariantGroup;
			children = (
				9F93FAF91DE97526004FDDC0 /* Base */,
			);
			name = LaunchScreen.storyboard;
			sourceTree = "<group>";
		};
/* End PBXVariantGroup section */

/* Begin XCBuildConfiguration section */
		9F93FAFC1DE97526004FDDC0 /* Debug */ = {
			isa = XCBuildConfiguration;
			buildSettings = {
				ALWAYS_SEARCH_USER_PATHS = NO;
				CLANG_ANALYZER_NONNULL = YES;
				CLANG_CXX_LANGUAGE_STANDARD = "gnu++0x";
				CLANG_CXX_LIBRARY = "libc++";
				CLANG_ENABLE_MODULES = YES;
				CLANG_ENABLE_OBJC_ARC = YES;
				CLANG_WARN_BOOL_CONVERSION = YES;
				CLANG_WARN_CONSTANT_CONVERSION = YES;
				CLANG_WARN_DIRECT_OBJC_ISA_USAGE = YES_ERROR;
				CLANG_WARN_EMPTY_BODY = YES;
				CLANG_WARN_ENUM_CONVERSION = YES;
				CLANG_WARN_INT_CONVERSION = YES;
				CLANG_WARN_OBJC_ROOT_CLASS = YES_ERROR;
				CLANG_WARN_UNREACHABLE_CODE = YES;
				CLANG_WARN__DUPLICATE_METHOD_MATCH = YES;
				"CODE_SIGN_IDENTITY[sdk=iphoneos*]" = "iPhone Developer";
				COPY_PHASE_STRIP = NO;
				DEBUG_INFORMATION_FORMAT = dwarf;
				ENABLE_STRICT_OBJC_MSGSEND = YES;
				ENABLE_TESTABILITY = YES;
				GCC_C_LANGUAGE_STANDARD = gnu99;
				GCC_DYNAMIC_NO_PIC = NO;
				GCC_NO_COMMON_BLOCKS = YES;
				GCC_OPTIMIZATION_LEVEL = 0;
				GCC_PREPROCESSOR_DEFINITIONS = (
					"DEBUG=1",
					"$(inherited)",
				);
				GCC_WARN_64_TO_32_BIT_CONVERSION = YES;
				GCC_WARN_ABOUT_RETURN_TYPE = YES_ERROR;
				GCC_WARN_UNDECLARED_SELECTOR = YES;
				GCC_WARN_UNINITIALIZED_AUTOS = YES_AGGRESSIVE;
				GCC_WARN_UNUSED_FUNCTION = YES;
				GCC_WARN_UNUSED_VARIABLE = YES;
				IPHONEOS_DEPLOYMENT_TARGET = 9.3;
				MTL_ENABLE_DEBUG_INFO = YES;
				ONLY_ACTIVE_ARCH = YES;
				SDKROOT = iphoneos;
				SWIFT_OPTIMIZATION_LEVEL = "-Onone";
			};
			name = Debug;
		};
		9F93FAFD1DE97526004FDDC0 /* Release */ = {
			isa = XCBuildConfiguration;
			buildSettings = {
				ALWAYS_SEARCH_USER_PATHS = NO;
				CLANG_ANALYZER_NONNULL = YES;
				CLANG_CXX_LANGUAGE_STANDARD = "gnu++0x";
				CLANG_CXX_LIBRARY = "libc++";
				CLANG_ENABLE_MODULES = YES;
				CLANG_ENABLE_OBJC_ARC = YES;
				CLANG_WARN_BOOL_CONVERSION = YES;
				CLANG_WARN_CONSTANT_CONVERSION = YES;
				CLANG_WARN_DIRECT_OBJC_ISA_USAGE = YES_ERROR;
				CLANG_WARN_EMPTY_BODY = YES;
				CLANG_WARN_ENUM_CONVERSION = YES;
				CLANG_WARN_INT_CONVERSION = YES;
				CLANG_WARN_OBJC_ROOT_CLASS = YES_ERROR;
				CLANG_WARN_UNREACHABLE_CODE = YES;
				CLANG_WARN__DUPLICATE_METHOD_MATCH = YES;
				"CODE_SIGN_IDENTITY[sdk=iphoneos*]" = "iPhone Developer";
				COPY_PHASE_STRIP = NO;
				DEBUG_INFORMATION_FORMAT = "dwarf-with-dsym";
				ENABLE_NS_ASSERTIONS = NO;
				ENABLE_STRICT_OBJC_MSGSEND = YES;
				GCC_C_LANGUAGE_STANDARD = gnu99;
				GCC_NO_COMMON_BLOCKS = YES;
				GCC_WARN_64_TO_32_BIT_CONVERSION = YES;
				GCC_WARN_ABOUT_RETURN_TYPE = YES_ERROR;
				GCC_WARN_UNDECLARED_SELECTOR = YES;
				GCC_WARN_UNINITIALIZED_AUTOS = YES_AGGRESSIVE;
				GCC_WARN_UNUSED_FUNCTION = YES;
				GCC_WARN_UNUSED_VARIABLE = YES;
				IPHONEOS_DEPLOYMENT_TARGET = 9.3;
				MTL_ENABLE_DEBUG_INFO = NO;
				SDKROOT = iphoneos;
				VALIDATE_PRODUCT = YES;
			};
			name = Release;
		};
		9F93FAFF1DE97526004FDDC0 /* Debug */ = {
			isa = XCBuildConfiguration;
			buildSettings = {
				ASSETCATALOG_COMPILER_APPICON_NAME = AppIcon;
				CODE_SIGN_IDENTITY = "iPhone Developer";
				"CODE_SIGN_IDENTITY[sdk=iphoneos*]" = "iPhone Developer";
				INFOPLIST_FILE = Timer/Info.plist;
				IPHONEOS_DEPLOYMENT_TARGET = 8.0;
				LD_RUNPATH_SEARCH_PATHS = "$(inherited) @executable_path/Frameworks";
				PRODUCT_BUNDLE_IDENTIFIER = com.example.Timer;
				PRODUCT_NAME = "$(TARGET_NAME)";
				PROVISIONING_PROFILE = "";
			};
			name = Debug;
		};
		9F93FB001DE97526004FDDC0 /* Release */ = {
			isa = XCBuildConfiguration;
			buildSettings = {
				ASSETCATALOG_COMPILER_APPICON_NAME = AppIcon;
				CODE_SIGN_IDENTITY = "iPhone Developer";
				"CODE_SIGN_IDENTITY[sdk=iphoneos*]" = "iPhone Developer";
				INFOPLIST_FILE = Timer/Info.plist;
				IPHONEOS_DEPLOYMENT_TARGET = 8.0;
				LD_RUNPATH_SEARCH_PATHS = "$(inherited) @executable_path/Frameworks";
				PRODUCT_BUNDLE_IDENTIFIER = com.example.Timer;
				PRODUCT_NAME = "$(TARGET_NAME)";
				PROVISIONING_PROFILE = "";
			};
			name = Release;
		};
/* End XCBuildConfiguration section */

/* Begin XCConfigurationList section */
		9F93FAE71DE97525004FDDC0 /* Build configuration list for PBXProject "Timer" */ = {
			isa = XCConfigurationList;
			buildConfigurations = (
				9F93FAFC1DE97526004FDDC0 /* Debug */,
				9F93FAFD1DE97526004FDDC0 /* Release */,
			);
			defaultConfigurationIsVisible = 0;
			defaultConfigurationName = Release;
		};
		9F93FAFE1DE97526004FDDC0 /* Build configuration list for PBXNativeTarget "Timer" */ = {
			isa = XCConfigurationList;
			buildConfigurations = (
				9F93FAFF1DE97526004FDDC0 /* Debug */,
				9F93FB001DE97526004FDDC0 /* Release */,
			);
			defaultConfigurationIsVisible = 0;
			defaultConfigurationName = Release;
		};
/* End XCConfigurationList section */
	};
	rootObject = 9F93FAE41DE97525004FDDC0 /* Project object */;
}
